{
  "name": "attendencemanagement",
  "version": "1.0.0",
  "lockfileVersion": 1,
  "requires": true,
  "dependencies": {
    "otplib": {
      "version": "4.0.6",
      "resolved": "https://registry.npmjs.org/otplib/-/otplib-4.0.6.tgz",
      "integrity": "sha1-tj21bLX2YyCIasOVNDKMsMP6htM=",
      "requires": {
        "thirty-two": "1.0.2"
      }
    },
    "thirty-two": {
      "version": "1.0.2",
      "resolved": "https://registry.npmjs.org/thirty-two/-/thirty-two-1.0.2.tgz",
      "integrity": "sha1-TKL//AKlEpDSdEueP1V2k8prYno="
    }
  }
}
